
Microsoft Visual Studio Solution File, Format Version 12.00
# Visual Studio 15
VisualStudioVersion = 15.0.26430.13
MinimumVisualStudioVersion = 10.0.40219.1
Project("{FAE04EC0-301F-11D3-BF4B-00C04F79EFBC}") = "MonzoExporter", "MonzoExporter\MonzoExporter.csproj", "{1D6EACC0-E2C7-47A2-B301-79CCC0B91C61}"
EndProject
Global
	GlobalSection(SolutionConfigurationPlatforms) = preSolution
		Debug|Any CPU = Debug|Any CPU
		Release|Any CPU = Release|Any CPU
	EndGlobalSection
	GlobalSection(ProjectConfigurationPlatforms) = postSolution
		{1D6EACC0-E2C7-47A2-B301-79CCC0B91C61}.Debug|Any CPU.ActiveCfg = Debug|Any CPU
		{1D6EACC0-E2C7-47A2-B301-79CCC0B91C61}.Debug|Any CPU.Build.0 = Debug|Any CPU
		{1D6EACC0-E2C7-47A2-B301-79CCC0B91C61}.Release|Any CPU.ActiveCfg = Release|Any CPU
		{1D6EACC0-E2C7-47A2-B301-79CCC0B91C61}.Release|Any CPU.Build.0 = Release|Any CPU
	EndGlobalSection
	GlobalSection(SolutionProperties) = preSolution
		HideSolutionNode = FALSE
	EndGlobalSection
EndGlobal
